
Microsoft Visual Studio Solution File, Format Version 12.00
# Visual Studio Version 17
VisualStudioVersion = 17.0.32014.148
MinimumVisualStudioVersion = 10.0.40219.1
Project("{9A19103F-16F7-4668-BE54-9A1E7A4F7556}") = "SzopAPI", "SzopAPI\SzopAPI.csproj", "{7FD04116-F2D5-4BEE-AF8A-54E079E729BE}"
EndProject
Project("{FAE04EC0-301F-11D3-BF4B-00C04F79EFBC}") = "API.data", "Points.data\API.data.csproj", "{76450CC0-F31C-4BC1-9F46-2ACA8BE06400}"
EndProject
Global
	GlobalSection(SolutionConfigurationPlatforms) = preSolution
		Debug|Any CPU = Debug|Any CPU
		Release|Any CPU = Release|Any CPU
	EndGlobalSection
	GlobalSection(ProjectConfigurationPlatforms) = postSolution
		{7FD04116-F2D5-4BEE-AF8A-54E079E729BE}.Debug|Any CPU.ActiveCfg = Debug|Any CPU
		{7FD04116-F2D5-4BEE-AF8A-54E079E729BE}.Debug|Any CPU.Build.0 = Debug|Any CPU
		{7FD04116-F2D5-4BEE-AF8A-54E079E729BE}.Release|Any CPU.ActiveCfg = Release|Any CPU
		{7FD04116-F2D5-4BEE-AF8A-54E079E729BE}.Release|Any CPU.Build.0 = Release|Any CPU
		{76450CC0-F31C-4BC1-9F46-2ACA8BE06400}.Debug|Any CPU.ActiveCfg = Debug|Any CPU
		{76450CC0-F31C-4BC1-9F46-2ACA8BE06400}.Debug|Any CPU.Build.0 = Debug|Any CPU
		{76450CC0-F31C-4BC1-9F46-2ACA8BE06400}.Release|Any CPU.ActiveCfg = Release|Any CPU
		{76450CC0-F31C-4BC1-9F46-2ACA8BE06400}.Release|Any CPU.Build.0 = Release|Any CPU
	EndGlobalSection
	GlobalSection(SolutionProperties) = preSolution
		HideSolutionNode = FALSE
	EndGlobalSection
	GlobalSection(ExtensibilityGlobals) = postSolution
		SolutionGuid = {A34D8E97-AF76-464A-8754-67DAC65DE541}
	EndGlobalSection
EndGlobal
